
Microsoft Visual Studio Solution File, Format Version 12.00
# Visual Studio Version 16
VisualStudioVersion = 16.0.30204.135
MinimumVisualStudioVersion = 10.0.40219.1
Project("{9A19103F-16F7-4668-BE54-9A1E7A4F7556}") = "fandom.WebAPI", "fandom.WebAPI\fandom.WebAPI.csproj", "{35C1D0AA-657E-412E-89FE-E47097EAF5F7}"
EndProject
Project("{9A19103F-16F7-4668-BE54-9A1E7A4F7556}") = "fandom.Model", "fandom.Model\fandom.Model.csproj", "{5E4BC082-2904-4C95-B585-74028DFD3D7B}"
EndProject
Project("{FAE04EC0-301F-11D3-BF4B-00C04F79EFBC}") = "fandom.WindowsForms", "fandom.WindowsForms\fandom.WindowsForms.csproj", "{0722A446-CEA0-439A-9D99-5CA3BE61196D}"
EndProject
Project("{2150E333-8FDC-42A3-9474-1A3956D46DE8}") = "fandom.Mobile", "fandom.Mobile", "{E801D435-77D8-4CD3-9C09-1BB553761161}"
EndProject
Project("{FAE04EC0-301F-11D3-BF4B-00C04F79EFBC}") = "fandom.MobileApp.UWP", "fandom.MobileApp\fandom.MobileApp.UWP\fandom.MobileApp.UWP.csproj", "{9522B74B-F5FF-4357-B848-258294ECFFFF}"
EndProject
Project("{FAE04EC0-301F-11D3-BF4B-00C04F79EFBC}") = "fandom.MobileApp.Android", "fandom.MobileApp\fandom.MobileApp.Android\fandom.MobileApp.Android.csproj", "{611EA66A-EFB6-41B8-B77A-D30455B753E9}"
EndProject
Project("{9A19103F-16F7-4668-BE54-9A1E7A4F7556}") = "fandom.MobileApp", "fandom.MobileApp\fandom.MobileApp\fandom.MobileApp.csproj", "{933CCBF6-4FC8-40B7-8A3C-3FEFA499AED6}"
EndProject
Project("{2150E333-8FDC-42A3-9474-1A3956D46DE8}") = "Assets", "Assets", "{AAA0BF96-D236-44D5-8B44-3016BA0EB13B}"
	ProjectSection(SolutionItems) = preProject
		Assets\b4kmrzlfy1c31.png = Assets\b4kmrzlfy1c31.png
		Assets\Eric-cartman.png = Assets\Eric-cartman.png
		..\..\..\Desktop\images (1).jpg = ..\..\..\Desktop\images (1).jpg
		..\..\..\Desktop\images.jpg = ..\..\..\Desktop\images.jpg
		Assets\KennyMcCormick.png = Assets\KennyMcCormick.png
		Assets\Kyle-broflovski.png = Assets\Kyle-broflovski.png
		Assets\Stan-marsh-0.png = Assets\Stan-marsh-0.png
		Assets\thumbnail-effect-background-yellow-115638807218qcoutxsfd.jpg = Assets\thumbnail-effect-background-yellow-115638807218qcoutxsfd.jpg
		Assets\VideoURLs.txt = Assets\VideoURLs.txt
	EndProjectSection
EndProject
Global
	GlobalSection(SolutionConfigurationPlatforms) = preSolution
		Debug|Any CPU = Debug|Any CPU
		Debug|ARM = Debug|ARM
		Debug|x64 = Debug|x64
		Debug|x86 = Debug|x86
		Release|Any CPU = Release|Any CPU
		Release|ARM = Release|ARM
		Release|x64 = Release|x64
		Release|x86 = Release|x86
	EndGlobalSection
	GlobalSection(ProjectConfigurationPlatforms) = postSolution
		{35C1D0AA-657E-412E-89FE-E47097EAF5F7}.Debug|Any CPU.ActiveCfg = Debug|Any CPU
		{35C1D0AA-657E-412E-89FE-E47097EAF5F7}.Debug|Any CPU.Build.0 = Debug|Any CPU
		{35C1D0AA-657E-412E-89FE-E47097EAF5F7}.Debug|ARM.ActiveCfg = Debug|Any CPU
		{35C1D0AA-657E-412E-89FE-E47097EAF5F7}.Debug|ARM.Build.0 = Debug|Any CPU
		{35C1D0AA-657E-412E-89FE-E47097EAF5F7}.Debug|x64.ActiveCfg = Debug|Any CPU
		{35C1D0AA-657E-412E-89FE-E47097EAF5F7}.Debug|x64.Build.0 = Debug|Any CPU
		{35C1D0AA-657E-412E-89FE-E47097EAF5F7}.Debug|x86.ActiveCfg = Debug|Any CPU
		{35C1D0AA-657E-412E-89FE-E47097EAF5F7}.Debug|x86.Build.0 = Debug|Any CPU
		{35C1D0AA-657E-412E-89FE-E47097EAF5F7}.Release|Any CPU.ActiveCfg = Release|Any CPU
		{35C1D0AA-657E-412E-89FE-E47097EAF5F7}.Release|Any CPU.Build.0 = Release|Any CPU
		{35C1D0AA-657E-412E-89FE-E47097EAF5F7}.Release|ARM.ActiveCfg = Release|Any CPU
		{35C1D0AA-657E-412E-89FE-E47097EAF5F7}.Release|ARM.Build.0 = Release|Any CPU
		{35C1D0AA-657E-412E-89FE-E47097EAF5F7}.Release|x64.ActiveCfg = Release|Any CPU
		{35C1D0AA-657E-412E-89FE-E47097EAF5F7}.Release|x64.Build.0 = Release|Any CPU
		{35C1D0AA-657E-412E-89FE-E47097EAF5F7}.Release|x86.ActiveCfg = Release|Any CPU
		{35C1D0AA-657E-412E-89FE-E47097EAF5F7}.Release|x86.Build.0 = Release|Any CPU
		{5E4BC082-2904-4C95-B585-74028DFD3D7B}.Debug|Any CPU.ActiveCfg = Debug|Any CPU
		{5E4BC082-2904-4C95-B585-74028DFD3D7B}.Debug|Any CPU.Build.0 = Debug|Any CPU
		{5E4BC082-2904-4C95-B585-74028DFD3D7B}.Debug|ARM.ActiveCfg = Debug|Any CPU
		{5E4BC082-2904-4C95-B585-74028DFD3D7B}.Debug|ARM.Build.0 = Debug|Any CPU
		{5E4BC082-2904-4C95-B585-74028DFD3D7B}.Debug|x64.ActiveCfg = Debug|Any CPU
		{5E4BC082-2904-4C95-B585-74028DFD3D7B}.Debug|x64.Build.0 = Debug|Any CPU
		{5E4BC082-2904-4C95-B585-74028DFD3D7B}.Debug|x86.ActiveCfg = Debug|Any CPU
		{5E4BC082-2904-4C95-B585-74028DFD3D7B}.Debug|x86.Build.0 = Debug|Any CPU
		{5E4BC082-2904-4C95-B585-74028DFD3D7B}.Release|Any CPU.ActiveCfg = Release|Any CPU
		{5E4BC082-2904-4C95-B585-74028DFD3D7B}.Release|Any CPU.Build.0 = Release|Any CPU
		{5E4BC082-2904-4C95-B585-74028DFD3D7B}.Release|ARM.ActiveCfg = Release|Any CPU
		{5E4BC082-2904-4C95-B585-74028DFD3D7B}.Release|ARM.Build.0 = Release|Any CPU
		{5E4BC082-2904-4C95-B585-74028DFD3D7B}.Release|x64.ActiveCfg = Release|Any CPU
		{5E4BC082-2904-4C95-B585-74028DFD3D7B}.Release|x64.Build.0 = Release|Any CPU
		{5E4BC082-2904-4C95-B585-74028DFD3D7B}.Release|x86.ActiveCfg = Release|Any CPU
		{5E4BC082-2904-4C95-B585-74028DFD3D7B}.Release|x86.Build.0 = Release|Any CPU
		{0722A446-CEA0-439A-9D99-5CA3BE61196D}.Debug|Any CPU.ActiveCfg = Debug|Any CPU
		{0722A446-CEA0-439A-9D99-5CA3BE61196D}.Debug|Any CPU.Build.0 = Debug|Any CPU
		{0722A446-CEA0-439A-9D99-5CA3BE61196D}.Debug|ARM.ActiveCfg = Debug|Any CPU
		{0722A446-CEA0-439A-9D99-5CA3BE61196D}.Debug|ARM.Build.0 = Debug|Any CPU
		{0722A446-CEA0-439A-9D99-5CA3BE61196D}.Debug|x64.ActiveCfg = Debug|Any CPU
		{0722A446-CEA0-439A-9D99-5CA3BE61196D}.Debug|x64.Build.0 = Debug|Any CPU
		{0722A446-CEA0-439A-9D99-5CA3BE61196D}.Debug|x86.ActiveCfg = Debug|Any CPU
		{0722A446-CEA0-439A-9D99-5CA3BE61196D}.Debug|x86.Build.0 = Debug|Any CPU
		{0722A446-CEA0-439A-9D99-5CA3BE61196D}.Release|Any CPU.ActiveCfg = Release|Any CPU
		{0722A446-CEA0-439A-9D99-5CA3BE61196D}.Release|Any CPU.Build.0 = Release|Any CPU
		{0722A446-CEA0-439A-9D99-5CA3BE61196D}.Release|ARM.ActiveCfg = Release|Any CPU
		{0722A446-CEA0-439A-9D99-5CA3BE61196D}.Release|ARM.Build.0 = Release|Any CPU
		{0722A446-CEA0-439A-9D99-5CA3BE61196D}.Release|x64.ActiveCfg = Release|Any CPU
		{0722A446-CEA0-439A-9D99-5CA3BE61196D}.Release|x64.Build.0 = Release|Any CPU
		{0722A446-CEA0-439A-9D99-5CA3BE61196D}.Release|x86.ActiveCfg = Release|Any CPU
		{0722A446-CEA0-439A-9D99-5CA3BE61196D}.Release|x86.Build.0 = Release|Any CPU
		{9522B74B-F5FF-4357-B848-258294ECFFFF}.Debug|Any CPU.ActiveCfg = Debug|x86
		{9522B74B-F5FF-4357-B848-258294ECFFFF}.Debug|Any CPU.Build.0 = Debug|x86
		{9522B74B-F5FF-4357-B848-258294ECFFFF}.Debug|Any CPU.Deploy.0 = Debug|x86
		{9522B74B-F5FF-4357-B848-258294ECFFFF}.Debug|ARM.ActiveCfg = Debug|ARM
		{9522B74B-F5FF-4357-B848-258294ECFFFF}.Debug|ARM.Build.0 = Debug|ARM
		{9522B74B-F5FF-4357-B848-258294ECFFFF}.Debug|ARM.Deploy.0 = Debug|ARM
		{9522B74B-F5FF-4357-B848-258294ECFFFF}.Debug|x64.ActiveCfg = Debug|x64
		{9522B74B-F5FF-4357-B848-258294ECFFFF}.Debug|x64.Build.0 = Debug|x64
		{9522B74B-F5FF-4357-B848-258294ECFFFF}.Debug|x64.Deploy.0 = Debug|x64
		{9522B74B-F5FF-4357-B848-258294ECFFFF}.Debug|x86.ActiveCfg = Debug|x86
		{9522B74B-F5FF-4357-B848-258294ECFFFF}.Debug|x86.Build.0 = Debug|x86
		{9522B74B-F5FF-4357-B848-258294ECFFFF}.Debug|x86.Deploy.0 = Debug|x86
		{9522B74B-F5FF-4357-B848-258294ECFFFF}.Release|Any CPU.ActiveCfg = Release|x86
		{9522B74B-F5FF-4357-B848-258294ECFFFF}.Release|ARM.ActiveCfg = Release|ARM
		{9522B74B-F5FF-4357-B848-258294ECFFFF}.Release|ARM.Build.0 = Release|ARM
		{9522B74B-F5FF-4357-B848-258294ECFFFF}.Release|ARM.Deploy.0 = Release|ARM
		{9522B74B-F5FF-4357-B848-258294ECFFFF}.Release|x64.ActiveCfg = Release|x64
		{9522B74B-F5FF-4357-B848-258294ECFFFF}.Release|x64.Build.0 = Release|x64
		{9522B74B-F5FF-4357-B848-258294ECFFFF}.Release|x64.Deploy.0 = Release|x64
		{9522B74B-F5FF-4357-B848-258294ECFFFF}.Release|x86.ActiveCfg = Release|x86
		{9522B74B-F5FF-4357-B848-258294ECFFFF}.Release|x86.Build.0 = Release|x86
		{9522B74B-F5FF-4357-B848-258294ECFFFF}.Release|x86.Deploy.0 = Release|x86
		{611EA66A-EFB6-41B8-B77A-D30455B753E9}.Debug|Any CPU.ActiveCfg = Debug|Any CPU
		{611EA66A-EFB6-41B8-B77A-D30455B753E9}.Debug|ARM.ActiveCfg = Debug|Any CPU
		{611EA66A-EFB6-41B8-B77A-D30455B753E9}.Debug|ARM.Build.0 = Debug|Any CPU
		{611EA66A-EFB6-41B8-B77A-D30455B753E9}.Debug|ARM.Deploy.0 = Debug|Any CPU
		{611EA66A-EFB6-41B8-B77A-D30455B753E9}.Debug|x64.ActiveCfg = Debug|Any CPU
		{611EA66A-EFB6-41B8-B77A-D30455B753E9}.Debug|x64.Build.0 = Debug|Any CPU
		{611EA66A-EFB6-41B8-B77A-D30455B753E9}.Debug|x64.Deploy.0 = Debug|Any CPU
		{611EA66A-EFB6-41B8-B77A-D30455B753E9}.Debug|x86.ActiveCfg = Debug|Any CPU
		{611EA66A-EFB6-41B8-B77A-D30455B753E9}.Debug|x86.Build.0 = Debug|Any CPU
		{611EA66A-EFB6-41B8-B77A-D30455B753E9}.Debug|x86.Deploy.0 = Debug|Any CPU
		{611EA66A-EFB6-41B8-B77A-D30455B753E9}.Release|Any CPU.ActiveCfg = Release|Any CPU
		{611EA66A-EFB6-41B8-B77A-D30455B753E9}.Release|Any CPU.Build.0 = Release|Any CPU
		{611EA66A-EFB6-41B8-B77A-D30455B753E9}.Release|Any CPU.Deploy.0 = Release|Any CPU
		{611EA66A-EFB6-41B8-B77A-D30455B753E9}.Release|ARM.ActiveCfg = Release|Any CPU
		{611EA66A-EFB6-41B8-B77A-D30455B753E9}.Release|ARM.Build.0 = Release|Any CPU
		{611EA66A-EFB6-41B8-B77A-D30455B753E9}.Release|ARM.Deploy.0 = Release|Any CPU
		{611EA66A-EFB6-41B8-B77A-D30455B753E9}.Release|x64.ActiveCfg = Release|Any CPU
		{611EA66A-EFB6-41B8-B77A-D30455B753E9}.Release|x64.Build.0 = Release|Any CPU
		{611EA66A-EFB6-41B8-B77A-D30455B753E9}.Release|x64.Deploy.0 = Release|Any CPU
		{611EA66A-EFB6-41B8-B77A-D30455B753E9}.Release|x86.ActiveCfg = Release|Any CPU
		{611EA66A-EFB6-41B8-B77A-D30455B753E9}.Release|x86.Build.0 = Release|Any CPU
		{611EA66A-EFB6-41B8-B77A-D30455B753E9}.Release|x86.Deploy.0 = Release|Any CPU
		{933CCBF6-4FC8-40B7-8A3C-3FEFA499AED6}.Debug|Any CPU.ActiveCfg = Debug|Any CPU
		{933CCBF6-4FC8-40B7-8A3C-3FEFA499AED6}.Debug|Any CPU.Build.0 = Debug|Any CPU
		{933CCBF6-4FC8-40B7-8A3C-3FEFA499AED6}.Debug|ARM.ActiveCfg = Debug|Any CPU
		{933CCBF6-4FC8-40B7-8A3C-3FEFA499AED6}.Debug|ARM.Build.0 = Debug|Any CPU
		{933CCBF6-4FC8-40B7-8A3C-3FEFA499AED6}.Debug|x64.ActiveCfg = Debug|Any CPU
		{933CCBF6-4FC8-40B7-8A3C-3FEFA499AED6}.Debug|x64.Build.0 = Debug|Any CPU
		{933CCBF6-4FC8-40B7-8A3C-3FEFA499AED6}.Debug|x86.ActiveCfg = Debug|Any CPU
		{933CCBF6-4FC8-40B7-8A3C-3FEFA499AED6}.Debug|x86.Build.0 = Debug|Any CPU
		{933CCBF6-4FC8-40B7-8A3C-3FEFA499AED6}.Release|Any CPU.ActiveCfg = Release|Any CPU
		{933CCBF6-4FC8-40B7-8A3C-3FEFA499AED6}.Release|Any CPU.Build.0 = Release|Any CPU
		{933CCBF6-4FC8-40B7-8A3C-3FEFA499AED6}.Release|ARM.ActiveCfg = Release|Any CPU
		{933CCBF6-4FC8-40B7-8A3C-3FEFA499AED6}.Release|ARM.Build.0 = Release|Any CPU
		{933CCBF6-4FC8-40B7-8A3C-3FEFA499AED6}.Release|x64.ActiveCfg = Release|Any CPU
		{933CCBF6-4FC8-40B7-8A3C-3FEFA499AED6}.Release|x64.Build.0 = Release|Any CPU
		{933CCBF6-4FC8-40B7-8A3C-3FEFA499AED6}.Release|x86.ActiveCfg = Release|Any CPU
		{933CCBF6-4FC8-40B7-8A3C-3FEFA499AED6}.Release|x86.Build.0 = Release|Any CPU
	EndGlobalSection
	GlobalSection(SolutionProperties) = preSolution
		HideSolutionNode = FALSE
	EndGlobalSection
	GlobalSection(NestedProjects) = preSolution
		{9522B74B-F5FF-4357-B848-258294ECFFFF} = {E801D435-77D8-4CD3-9C09-1BB553761161}
		{611EA66A-EFB6-41B8-B77A-D30455B753E9} = {E801D435-77D8-4CD3-9C09-1BB553761161}
		{933CCBF6-4FC8-40B7-8A3C-3FEFA499AED6} = {E801D435-77D8-4CD3-9C09-1BB553761161}
	EndGlobalSection
	GlobalSection(ExtensibilityGlobals) = postSolution
		SolutionGuid = {411BF530-A919-438A-9251-231E18289E28}
	EndGlobalSection
EndGlobal
