
Microsoft Visual Studio Solution File, Format Version 12.00
# Visual Studio Version 16
VisualStudioVersion = 16.0.30204.135
MinimumVisualStudioVersion = 10.0.40219.1
Project("{9A19103F-16F7-4668-BE54-9A1E7A4F7556}") = "fandom.WebAPI", "fandom.WebAPI\fandom.WebAPI.csproj", "{35C1D0AA-657E-412E-89FE-E47097EAF5F7}"
EndProject
Project("{FAE04EC0-301F-11D3-BF4B-00C04F79EFBC}") = "fandom.Model", "fandom.Model\fandom.Model.csproj", "{5E4BC082-2904-4C95-B585-74028DFD3D7B}"
EndProject
Global
	GlobalSection(SolutionConfigurationPlatforms) = preSolution
		Debug|Any CPU = Debug|Any CPU
		Release|Any CPU = Release|Any CPU
	EndGlobalSection
	GlobalSection(ProjectConfigurationPlatforms) = postSolution
		{35C1D0AA-657E-412E-89FE-E47097EAF5F7}.Debug|Any CPU.ActiveCfg = Debug|Any CPU
		{35C1D0AA-657E-412E-89FE-E47097EAF5F7}.Debug|Any CPU.Build.0 = Debug|Any CPU
		{35C1D0AA-657E-412E-89FE-E47097EAF5F7}.Release|Any CPU.ActiveCfg = Release|Any CPU
		{35C1D0AA-657E-412E-89FE-E47097EAF5F7}.Release|Any CPU.Build.0 = Release|Any CPU
		{5E4BC082-2904-4C95-B585-74028DFD3D7B}.Debug|Any CPU.ActiveCfg = Debug|Any CPU
		{5E4BC082-2904-4C95-B585-74028DFD3D7B}.Debug|Any CPU.Build.0 = Debug|Any CPU
		{5E4BC082-2904-4C95-B585-74028DFD3D7B}.Release|Any CPU.ActiveCfg = Release|Any CPU
		{5E4BC082-2904-4C95-B585-74028DFD3D7B}.Release|Any CPU.Build.0 = Release|Any CPU
	EndGlobalSection
	GlobalSection(SolutionProperties) = preSolution
		HideSolutionNode = FALSE
	EndGlobalSection
	GlobalSection(ExtensibilityGlobals) = postSolution
		SolutionGuid = {411BF530-A919-438A-9251-231E18289E28}
	EndGlobalSection
EndGlobal
